{
  "name": "Projeto-quinta",
  "lockfileVersion": 2,
  "requires": true,
  "packages": {
    "": {
      "dependencies": {
        "lowdb": "^5.0.5"
      }
    },
    "node_modules/lowdb": {
      "version": "5.0.5",
      "resolved": "https://registry.npmjs.org/lowdb/-/lowdb-5.0.5.tgz",
      "integrity": "sha512-7EWKmIMhNKA8TXFhL8t0p6N2LC53l3ZqsWQGSksGhhjrcms9rbKlyrAh2PzSGK5v0KPJ2W5VItBnC3NDRzOnzQ==",
      "dependencies": {
        "steno": "^3.0.0"
      },
      "engines": {
        "node": ">=14.16"
      },
      "funding": {
        "url": "https://github.com/sponsors/typicode"
      }
    },
    "node_modules/steno": {
      "version": "3.0.0",
      "resolved": "https://registry.npmjs.org/steno/-/steno-3.0.0.tgz",
      "integrity": "sha512-uZtn7Ht9yXLiYgOsmo8btj4+f7VxyYheMt8g6F1ANjyqByQXEE2Gygjgenp3otHH1TlHsS4JAaRGv5wJ1wvMNw==",
      "engines": {
        "node": ">=14.16"
      },
      "funding": {
        "url": "https://github.com/sponsors/typicode"
      }
    }
  },
  "dependencies": {
    "lowdb": {
      "version": "5.0.5",
      "resolved": "https://registry.npmjs.org/lowdb/-/lowdb-5.0.5.tgz",
      "integrity": "sha512-7EWKmIMhNKA8TXFhL8t0p6N2LC53l3ZqsWQGSksGhhjrcms9rbKlyrAh2PzSGK5v0KPJ2W5VItBnC3NDRzOnzQ==",
      "requires": {
        "steno": "^3.0.0"
      }
    },
    "steno": {
      "version": "3.0.0",
      "resolved": "https://registry.npmjs.org/steno/-/steno-3.0.0.tgz",
      "integrity": "sha512-uZtn7Ht9yXLiYgOsmo8btj4+f7VxyYheMt8g6F1ANjyqByQXEE2Gygjgenp3otHH1TlHsS4JAaRGv5wJ1wvMNw=="
    }
  }
}
